
Microsoft Visual Studio Solution File, Format Version 12.00
# Visual Studio Version 17
VisualStudioVersion = 17.9.34622.214
MinimumVisualStudioVersion = 10.0.40219.1
Project("{FAE04EC0-301F-11D3-BF4B-00C04F79EFBC}") = "hh-analyzer", "hh-analyzer.csproj", "{6A1A3D55-E155-42D6-8802-85264CEC2CCA}"
EndProject
Global
	GlobalSection(SolutionConfigurationPlatforms) = preSolution
		Debug|Any CPU = Debug|Any CPU
		Release|Any CPU = Release|Any CPU
	EndGlobalSection
	GlobalSection(ProjectConfigurationPlatforms) = postSolution
		{6A1A3D55-E155-42D6-8802-85264CEC2CCA}.Debug|Any CPU.ActiveCfg = Debug|Any CPU
		{6A1A3D55-E155-42D6-8802-85264CEC2CCA}.Debug|Any CPU.Build.0 = Debug|Any CPU
		{6A1A3D55-E155-42D6-8802-85264CEC2CCA}.Release|Any CPU.ActiveCfg = Release|Any CPU
		{6A1A3D55-E155-42D6-8802-85264CEC2CCA}.Release|Any CPU.Build.0 = Release|Any CPU
	EndGlobalSection
	GlobalSection(SolutionProperties) = preSolution
		HideSolutionNode = FALSE
	EndGlobalSection
	GlobalSection(ExtensibilityGlobals) = postSolution
		SolutionGuid = {8C6D3077-CB91-497A-9ED1-832E71358DF3}
	EndGlobalSection
EndGlobal
